github.com/xaitx/logs v1.1.0 h1:r5TwpkvDbZ77QF3fB9wQ8MA7fucRXRE8PhQKADz/tqg=
github.com/xaitx/logs v1.1.0/go.mod h1:5JdupfrC+Ie/GTffEeA7yaYNAclhhGH5eulwV1G4jM8=
golang.org/x/net v0.31.0 h1:68CPQngjLL0r2AlUKiSxtQFKvzRVbnzLwMUn5SzcLHo=
golang.org/x/net v0.31.0/go.mod h1:P4fl1q7dY2hnZFxEk4pPSkDHF+QqjitcnDjUQyMM+pM=
